// !$*UTF8*$!
{
	archiveVersion = 1;
	classes = {
	};
	objectVersion = 56;
	objects = {

/* Begin PBXBuildFile section */
		14CF3A212DC96C1D000D7BC9 /* NeoSoftSwiftUIApp.swift in Sources */ = {isa = PBXBuildFile; fileRef = 14CF3A202DC96C1D000D7BC9 /* NeoSoftSwiftUIApp.swift */; };
		14CF3A232DC96C1D000D7BC9 /* ContentView.swift in Sources */ = {isa = PBXBuildFile; fileRef = 14CF3A222DC96C1D000D7BC9 /* ContentView.swift */; };
		14CF3A252DC96C1F000D7BC9 /* Assets.xcassets in Resources */ = {isa = PBXBuildFile; fileRef = 14CF3A242DC96C1F000D7BC9 /* Assets.xcassets */; };
		14CF3A282DC96C1F000D7BC9 /* Preview Assets.xcassets in Resources */ = {isa = PBXBuildFile; fileRef = 14CF3A272DC96C1F000D7BC9 /* Preview Assets.xcassets */; };
		14CF3A322DC96C1F000D7BC9 /* NeoSoftSwiftUITests.swift in Sources */ = {isa = PBXBuildFile; fileRef = 14CF3A312DC96C1F000D7BC9 /* NeoSoftSwiftUITests.swift */; };
		14CF3A3C2DC96C1F000D7BC9 /* NeoSoftSwiftUIUITests.swift in Sources */ = {isa = PBXBuildFile; fileRef = 14CF3A3B2DC96C1F000D7BC9 /* NeoSoftSwiftUIUITests.swift */; };
		14CF3A3E2DC96C1F000D7BC9 /* NeoSoftSwiftUIUITestsLaunchTests.swift in Sources */ = {isa = PBXBuildFile; fileRef = 14CF3A3D2DC96C1F000D7BC9 /* NeoSoftSwiftUIUITestsLaunchTests.swift */; };
		14CF3A4E2DC96D44000D7BC9 /* HomeViewModel.swift in Sources */ = {isa = PBXBuildFile; fileRef = 14CF3A4B2DC96D44000D7BC9 /* HomeViewModel.swift */; };
		14CF3A4F2DC96D44000D7BC9 /* HomeModel.swift in Sources */ = {isa = PBXBuildFile; fileRef = 14CF3A4D2DC96D44000D7BC9 /* HomeModel.swift */; };
		14CF3A522DC96E46000D7BC9 /* HomeView.swift in Sources */ = {isa = PBXBuildFile; fileRef = 14CF3A512DC96E46000D7BC9 /* HomeView.swift */; };
		14CF3A552DC9C670000D7BC9 /* Splash.swift in Sources */ = {isa = PBXBuildFile; fileRef = 14CF3A542DC9C670000D7BC9 /* Splash.swift */; };
/* End PBXBuildFile section */

/* Begin PBXContainerItemProxy section */
		14CF3A2E2DC96C1F000D7BC9 /* PBXContainerItemProxy */ = {
			isa = PBXContainerItemProxy;
			containerPortal = 14CF3A152DC96C1D000D7BC9 /* Project object */;
			proxyType = 1;
			remoteGlobalIDString = 14CF3A1C2DC96C1D000D7BC9;
			remoteInfo = NeoSoftSwiftUI;
		};
		14CF3A382DC96C1F000D7BC9 /* PBXContainerItemProxy */ = {
			isa = PBXContainerItemProxy;
			containerPortal = 14CF3A152DC96C1D000D7BC9 /* Project object */;
			proxyType = 1;
			remoteGlobalIDString = 14CF3A1C2DC96C1D000D7BC9;
			remoteInfo = NeoSoftSwiftUI;
		};
/* End PBXContainerItemProxy section */

/* Begin PBXFileReference section */
		14CF3A1D2DC96C1D000D7BC9 /* NeoSoftSwiftUI.app */ = {isa = PBXFileReference; explicitFileType = wrapper.application; includeInIndex = 0; path = NeoSoftSwiftUI.app; sourceTree = BUILT_PRODUCTS_DIR; };
		14CF3A202DC96C1D000D7BC9 /* NeoSoftSwiftUIApp.swift */ = {isa = PBXFileReference; lastKnownFileType = sourcecode.swift; path = NeoSoftSwiftUIApp.swift; sourceTree = "<group>"; };
		14CF3A222DC96C1D000D7BC9 /* ContentView.swift */ = {isa = PBXFileReference; lastKnownFileType = sourcecode.swift; path = ContentView.swift; sourceTree = "<group>"; };
		14CF3A242DC96C1F000D7BC9 /* Assets.xcassets */ = {isa = PBXFileReference; lastKnownFileType = folder.assetcatalog; path = Assets.xcassets; sourceTree = "<group>"; };
		14CF3A272DC96C1F000D7BC9 /* Preview Assets.xcassets */ = {isa = PBXFileReference; lastKnownFileType = folder.assetcatalog; path = "Preview Assets.xcassets"; sourceTree = "<group>"; };
		14CF3A2D2DC96C1F000D7BC9 /* NeoSoftSwiftUITests.xctest */ = {isa = PBXFileReference; explicitFileType = wrapper.cfbundle; includeInIndex = 0; path = NeoSoftSwiftUITests.xctest; sourceTree = BUILT_PRODUCTS_DIR; };
		14CF3A312DC96C1F000D7BC9 /* NeoSoftSwiftUITests.swift */ = {isa = PBXFileReference; lastKnownFileType = sourcecode.swift; path = NeoSoftSwiftUITests.swift; sourceTree = "<group>"; };
		14CF3A372DC96C1F000D7BC9 /* NeoSoftSwiftUIUITests.xctest */ = {isa = PBXFileReference; explicitFileType = wrapper.cfbundle; includeInIndex = 0; path = NeoSoftSwiftUIUITests.xctest; sourceTree = BUILT_PRODUCTS_DIR; };
		14CF3A3B2DC96C1F000D7BC9 /* NeoSoftSwiftUIUITests.swift */ = {isa = PBXFileReference; lastKnownFileType = sourcecode.swift; path = NeoSoftSwiftUIUITests.swift; sourceTree = "<group>"; };
		14CF3A3D2DC96C1F000D7BC9 /* NeoSoftSwiftUIUITestsLaunchTests.swift */ = {isa = PBXFileReference; lastKnownFileType = sourcecode.swift; path = NeoSoftSwiftUIUITestsLaunchTests.swift; sourceTree = "<group>"; };
		14CF3A4B2DC96D44000D7BC9 /* HomeViewModel.swift */ = {isa = PBXFileReference; fileEncoding = 4; lastKnownFileType = sourcecode.swift; path = HomeViewModel.swift; sourceTree = "<group>"; };
		14CF3A4D2DC96D44000D7BC9 /* HomeModel.swift */ = {isa = PBXFileReference; fileEncoding = 4; lastKnownFileType = sourcecode.swift; path = HomeModel.swift; sourceTree = "<group>"; };
		14CF3A512DC96E46000D7BC9 /* HomeView.swift */ = {isa = PBXFileReference; lastKnownFileType = sourcecode.swift; path = HomeView.swift; sourceTree = "<group>"; };
		14CF3A542DC9C670000D7BC9 /* Splash.swift */ = {isa = PBXFileReference; lastKnownFileType = sourcecode.swift; path = Splash.swift; sourceTree = "<group>"; };
/* End PBXFileReference section */

/* Begin PBXFrameworksBuildPhase section */
		14CF3A1A2DC96C1D000D7BC9 /* Frameworks */ = {
			isa = PBXFrameworksBuildPhase;
			buildActionMask = 2147483647;
			files = (
			);
			runOnlyForDeploymentPostprocessing = 0;
		};
		14CF3A2A2DC96C1F000D7BC9 /* Frameworks */ = {
			isa = PBXFrameworksBuildPhase;
			buildActionMask = 2147483647;
			files = (
			);
			runOnlyForDeploymentPostprocessing = 0;
		};
		14CF3A342DC96C1F000D7BC9 /* Frameworks */ = {
			isa = PBXFrameworksBuildPhase;
			buildActionMask = 2147483647;
			files = (
			);
			runOnlyForDeploymentPostprocessing = 0;
		};
/* End PBXFrameworksBuildPhase section */

/* Begin PBXGroup section */
		14CF3A142DC96C1D000D7BC9 = {
			isa = PBXGroup;
			children = (
				14CF3A1F2DC96C1D000D7BC9 /* NeoSoftSwiftUI */,
				14CF3A302DC96C1F000D7BC9 /* NeoSoftSwiftUITests */,
				14CF3A3A2DC96C1F000D7BC9 /* NeoSoftSwiftUIUITests */,
				14CF3A1E2DC96C1D000D7BC9 /* Products */,
			);
			sourceTree = "<group>";
		};
		14CF3A1E2DC96C1D000D7BC9 /* Products */ = {
			isa = PBXGroup;
			children = (
				14CF3A1D2DC96C1D000D7BC9 /* NeoSoftSwiftUI.app */,
				14CF3A2D2DC96C1F000D7BC9 /* NeoSoftSwiftUITests.xctest */,
				14CF3A372DC96C1F000D7BC9 /* NeoSoftSwiftUIUITests.xctest */,
			);
			name = Products;
			sourceTree = "<group>";
		};
		14CF3A1F2DC96C1D000D7BC9 /* NeoSoftSwiftUI */ = {
			isa = PBXGroup;
			children = (
				14CF3A202DC96C1D000D7BC9 /* NeoSoftSwiftUIApp.swift */,
				14CF3A222DC96C1D000D7BC9 /* ContentView.swift */,
				14CF3A532DC9C64A000D7BC9 /* SplashScreen */,
				14CF3A502DC96DCA000D7BC9 /* View */,
				14CF3A4C2DC96D44000D7BC9 /* Model */,
				14CF3A4A2DC96D44000D7BC9 /* ViewModel */,
				14CF3A242DC96C1F000D7BC9 /* Assets.xcassets */,
				14CF3A262DC96C1F000D7BC9 /* Preview Content */,
			);
			path = NeoSoftSwiftUI;
			sourceTree = "<group>";
		};
		14CF3A262DC96C1F000D7BC9 /* Preview Content */ = {
			isa = PBXGroup;
			children = (
				14CF3A272DC96C1F000D7BC9 /* Preview Assets.xcassets */,
			);
			path = "Preview Content";
			sourceTree = "<group>";
		};
		14CF3A302DC96C1F000D7BC9 /* NeoSoftSwiftUITests */ = {
			isa = PBXGroup;
			children = (
				14CF3A312DC96C1F000D7BC9 /* NeoSoftSwiftUITests.swift */,
			);
			path = NeoSoftSwiftUITests;
			sourceTree = "<group>";
		};
		14CF3A3A2DC96C1F000D7BC9 /* NeoSoftSwiftUIUITests */ = {
			isa = PBXGroup;
			children = (
				14CF3A3B2DC96C1F000D7BC9 /* NeoSoftSwiftUIUITests.swift */,
				14CF3A3D2DC96C1F000D7BC9 /* NeoSoftSwiftUIUITestsLaunchTests.swift */,
			);
			path = NeoSoftSwiftUIUITests;
			sourceTree = "<group>";
		};
		14CF3A4A2DC96D44000D7BC9 /* ViewModel */ = {
			isa = PBXGroup;
			children = (
				14CF3A4B2DC96D44000D7BC9 /* HomeViewModel.swift */,
			);
			path = ViewModel;
			sourceTree = "<group>";
		};
		14CF3A4C2DC96D44000D7BC9 /* Model */ = {
			isa = PBXGroup;
			children = (
				14CF3A4D2DC96D44000D7BC9 /* HomeModel.swift */,
			);
			path = Model;
			sourceTree = "<group>";
		};
		14CF3A502DC96DCA000D7BC9 /* View */ = {
			isa = PBXGroup;
			children = (
				14CF3A512DC96E46000D7BC9 /* HomeView.swift */,
			);
			path = View;
			sourceTree = "<group>";
		};
		14CF3A532DC9C64A000D7BC9 /* SplashScreen */ = {
			isa = PBXGroup;
			children = (
				14CF3A542DC9C670000D7BC9 /* Splash.swift */,
			);
			path = SplashScreen;
			sourceTree = "<group>";
		};
/* End PBXGroup section */

/* Begin PBXNativeTarget section */
		14CF3A1C2DC96C1D000D7BC9 /* NeoSoftSwiftUI */ = {
			isa = PBXNativeTarget;
			buildConfigurationList = 14CF3A412DC96C1F000D7BC9 /* Build configuration list for PBXNativeTarget "NeoSoftSwiftUI" */;
			buildPhases = (
				14CF3A192DC96C1D000D7BC9 /* Sources */,
				14CF3A1A2DC96C1D000D7BC9 /* Frameworks */,
				14CF3A1B2DC96C1D000D7BC9 /* Resources */,
			);
			buildRules = (
			);
			dependencies = (
			);
			name = NeoSoftSwiftUI;
			productName = NeoSoftSwiftUI;
			productReference = 14CF3A1D2DC96C1D000D7BC9 /* NeoSoftSwiftUI.app */;
			productType = "com.apple.product-type.application";
		};
		14CF3A2C2DC96C1F000D7BC9 /* NeoSoftSwiftUITests */ = {
			isa = PBXNativeTarget;
			buildConfigurationList = 14CF3A442DC96C1F000D7BC9 /* Build configuration list for PBXNativeTarget "NeoSoftSwiftUITests" */;
			buildPhases = (
				14CF3A292DC96C1F000D7BC9 /* Sources */,
				14CF3A2A2DC96C1F000D7BC9 /* Frameworks */,
				14CF3A2B2DC96C1F000D7BC9 /* Resources */,
			);
			buildRules = (
			);
			dependencies = (
				14CF3A2F2DC96C1F000D7BC9 /* PBXTargetDependency */,
			);
			name = NeoSoftSwiftUITests;
			productName = NeoSoftSwiftUITests;
			productReference = 14CF3A2D2DC96C1F000D7BC9 /* NeoSoftSwiftUITests.xctest */;
			productType = "com.apple.product-type.bundle.unit-test";
		};
		14CF3A362DC96C1F000D7BC9 /* NeoSoftSwiftUIUITests */ = {
			isa = PBXNativeTarget;
			buildConfigurationList = 14CF3A472DC96C1F000D7BC9 /* Build configuration list for PBXNativeTarget "NeoSoftSwiftUIUITests" */;
			buildPhases = (
				14CF3A332DC96C1F000D7BC9 /* Sources */,
				14CF3A342DC96C1F000D7BC9 /* Frameworks */,
				14CF3A352DC96C1F000D7BC9 /* Resources */,
			);
			buildRules = (
			);
			dependencies = (
				14CF3A392DC96C1F000D7BC9 /* PBXTargetDependency */,
			);
			name = NeoSoftSwiftUIUITests;
			productName = NeoSoftSwiftUIUITests;
			productReference = 14CF3A372DC96C1F000D7BC9 /* NeoSoftSwiftUIUITests.xctest */;
			productType = "com.apple.product-type.bundle.ui-testing";
		};
/* End PBXNativeTarget section */

/* Begin PBXProject section */
		14CF3A152DC96C1D000D7BC9 /* Project object */ = {
			isa = PBXProject;
			attributes = {
				BuildIndependentTargetsInParallel = 1;
				LastSwiftUpdateCheck = 1510;
				LastUpgradeCheck = 1510;
				TargetAttributes = {
					14CF3A1C2DC96C1D000D7BC9 = {
						CreatedOnToolsVersion = 15.1;
					};
					14CF3A2C2DC96C1F000D7BC9 = {
						CreatedOnToolsVersion = 15.1;
						TestTargetID = 14CF3A1C2DC96C1D000D7BC9;
					};
					14CF3A362DC96C1F000D7BC9 = {
						CreatedOnToolsVersion = 15.1;
						TestTargetID = 14CF3A1C2DC96C1D000D7BC9;
					};
				};
			};
			buildConfigurationList = 14CF3A182DC96C1D000D7BC9 /* Build configuration list for PBXProject "NeoSoftSwiftUI" */;
			compatibilityVersion = "Xcode 14.0";
			developmentRegion = en;
			hasScannedForEncodings = 0;
			knownRegions = (
				en,
				Base,
			);
			mainGroup = 14CF3A142DC96C1D000D7BC9;
			productRefGroup = 14CF3A1E2DC96C1D000D7BC9 /* Products */;
			projectDirPath = "";
			projectRoot = "";
			targets = (
				14CF3A1C2DC96C1D000D7BC9 /* NeoSoftSwiftUI */,
				14CF3A2C2DC96C1F000D7BC9 /* NeoSoftSwiftUITests */,
				14CF3A362DC96C1F000D7BC9 /* NeoSoftSwiftUIUITests */,
			);
		};
/* End PBXProject section */

/* Begin PBXResourcesBuildPhase section */
		14CF3A1B2DC96C1D000D7BC9 /* Resources */ = {
			isa = PBXResourcesBuildPhase;
			buildActionMask = 2147483647;
			files = (
				14CF3A282DC96C1F000D7BC9 /* Preview Assets.xcassets in Resources */,
				14CF3A252DC96C1F000D7BC9 /* Assets.xcassets in Resources */,
			);
			runOnlyForDeploymentPostprocessing = 0;
		};
		14CF3A2B2DC96C1F000D7BC9 /* Resources */ = {
			isa = PBXResourcesBuildPhase;
			buildActionMask = 2147483647;
			files = (
			);
			runOnlyForDeploymentPostprocessing = 0;
		};
		14CF3A352DC96C1F000D7BC9 /* Resources */ = {
			isa = PBXResourcesBuildPhase;
			buildActionMask = 2147483647;
			files = (
			);
			runOnlyForDeploymentPostprocessing = 0;
		};
/* End PBXResourcesBuildPhase section */

/* Begin PBXSourcesBuildPhase section */
		14CF3A192DC96C1D000D7BC9 /* Sources */ = {
			isa = PBXSourcesBuildPhase;
			buildActionMask = 2147483647;
			files = (
				14CF3A4F2DC96D44000D7BC9 /* HomeModel.swift in Sources */,
				14CF3A232DC96C1D000D7BC9 /* ContentView.swift in Sources */,
				14CF3A4E2DC96D44000D7BC9 /* HomeViewModel.swift in Sources */,
				14CF3A522DC96E46000D7BC9 /* HomeView.swift in Sources */,
				14CF3A552DC9C670000D7BC9 /* Splash.swift in Sources */,
				14CF3A212DC96C1D000D7BC9 /* NeoSoftSwiftUIApp.swift in Sources */,
			);
			runOnlyForDeploymentPostprocessing = 0;
		};
		14CF3A292DC96C1F000D7BC9 /* Sources */ = {
			isa = PBXSourcesBuildPhase;
			buildActionMask = 2147483647;
			files = (
				14CF3A322DC96C1F000D7BC9 /* NeoSoftSwiftUITests.swift in Sources */,
			);
			runOnlyForDeploymentPostprocessing = 0;
		};
		14CF3A332DC96C1F000D7BC9 /* Sources */ = {
			isa = PBXSourcesBuildPhase;
			buildActionMask = 2147483647;
			files = (
				14CF3A3C2DC96C1F000D7BC9 /* NeoSoftSwiftUIUITests.swift in Sources */,
				14CF3A3E2DC96C1F000D7BC9 /* NeoSoftSwiftUIUITestsLaunchTests.swift in Sources */,
			);
			runOnlyForDeploymentPostprocessing = 0;
		};
/* End PBXSourcesBuildPhase section */

/* Begin PBXTargetDependency section */
		14CF3A2F2DC96C1F000D7BC9 /* PBXTargetDependency */ = {
			isa = PBXTargetDependency;
			target = 14CF3A1C2DC96C1D000D7BC9 /* NeoSoftSwiftUI */;
			targetProxy = 14CF3A2E2DC96C1F000D7BC9 /* PBXContainerItemProxy */;
		};
		14CF3A392DC96C1F000D7BC9 /* PBXTargetDependency */ = {
			isa = PBXTargetDependency;
			target = 14CF3A1C2DC96C1D000D7BC9 /* NeoSoftSwiftUI */;
			targetProxy = 14CF3A382DC96C1F000D7BC9 /* PBXContainerItemProxy */;
		};
/* End PBXTargetDependency section */

/* Begin XCBuildConfiguration section */
		14CF3A3F2DC96C1F000D7BC9 /* Debug */ = {
			isa = XCBuildConfiguration;
			buildSettings = {
				ALWAYS_SEARCH_USER_PATHS = NO;
				ASSETCATALOG_COMPILER_GENERATE_SWIFT_ASSET_SYMBOL_EXTENSIONS = YES;
				CLANG_ANALYZER_NONNULL = YES;
				CLANG_ANALYZER_NUMBER_OBJECT_CONVERSION = YES_AGGRESSIVE;
				CLANG_CXX_LANGUAGE_STANDARD = "gnu++20";
				CLANG_ENABLE_MODULES = YES;
				CLANG_ENABLE_OBJC_ARC = YES;
				CLANG_ENABLE_OBJC_WEAK = YES;
				CLANG_WARN_BLOCK_CAPTURE_AUTORELEASING = YES;
				CLANG_WARN_BOOL_CONVERSION = YES;
				CLANG_WARN_COMMA = YES;
				CLANG_WARN_CONSTANT_CONVERSION = YES;
				CLANG_WARN_DEPRECATED_OBJC_IMPLEMENTATIONS = YES;
				CLANG_WARN_DIRECT_OBJC_ISA_USAGE = YES_ERROR;
				CLANG_WARN_DOCUMENTATION_COMMENTS = YES;
				CLANG_WARN_EMPTY_BODY = YES;
				CLANG_WARN_ENUM_CONVERSION = YES;
				CLANG_WARN_INFINITE_RECURSION = YES;
				CLANG_WARN_INT_CONVERSION = YES;
				CLANG_WARN_NON_LITERAL_NULL_CONVERSION = YES;
				CLANG_WARN_OBJC_IMPLICIT_RETAIN_SELF = YES;
				CLANG_WARN_OBJC_LITERAL_CONVERSION = YES;
				CLANG_WARN_OBJC_ROOT_CLASS = YES_ERROR;
				CLANG_WARN_QUOTED_INCLUDE_IN_FRAMEWORK_HEADER = YES;
				CLANG_WARN_RANGE_LOOP_ANALYSIS = YES;
				CLANG_WARN_STRICT_PROTOTYPES = YES;
				CLANG_WARN_SUSPICIOUS_MOVE = YES;
				CLANG_WARN_UNGUARDED_AVAILABILITY = YES_AGGRESSIVE;
				CLANG_WARN_UNREACHABLE_CODE = YES;
				CLANG_WARN__DUPLICATE_METHOD_MATCH = YES;
				COPY_PHASE_STRIP = NO;
				DEBUG_INFORMATION_FORMAT = dwarf;
				ENABLE_STRICT_OBJC_MSGSEND = YES;
				ENABLE_TESTABILITY = YES;
				ENABLE_USER_SCRIPT_SANDBOXING = YES;
				GCC_C_LANGUAGE_STANDARD = gnu17;
				GCC_DYNAMIC_NO_PIC = NO;
				GCC_NO_COMMON_BLOCKS = YES;
				GCC_OPTIMIZATION_LEVEL = 0;
				GCC_PREPROCESSOR_DEFINITIONS = (
					"DEBUG=1",
					"$(inherited)",
				);
				GCC_WARN_64_TO_32_BIT_CONVERSION = YES;
				GCC_WARN_ABOUT_RETURN_TYPE = YES_ERROR;
				GCC_WARN_UNDECLARED_SELECTOR = YES;
				GCC_WARN_UNINITIALIZED_AUTOS = YES_AGGRESSIVE;
				GCC_WARN_UNUSED_FUNCTION = YES;
				GCC_WARN_UNUSED_VARIABLE = YES;
				IPHONEOS_DEPLOYMENT_TARGET = 17.2;
				LOCALIZATION_PREFERS_STRING_CATALOGS = YES;
				MTL_ENABLE_DEBUG_INFO = INCLUDE_SOURCE;
				MTL_FAST_MATH = YES;
				ONLY_ACTIVE_ARCH = YES;
				SDKROOT = iphoneos;
				SWIFT_ACTIVE_COMPILATION_CONDITIONS = "DEBUG $(inherited)";
				SWIFT_OPTIMIZATION_LEVEL = "-Onone";
			};
			name = Debug;
		};
		14CF3A402DC96C1F000D7BC9 /* Release */ = {
			isa = XCBuildConfiguration;
			buildSettings = {
				ALWAYS_SEARCH_USER_PATHS = NO;
				ASSETCATALOG_COMPILER_GENERATE_SWIFT_ASSET_SYMBOL_EXTENSIONS = YES;
				CLANG_ANALYZER_NONNULL = YES;
				CLANG_ANALYZER_NUMBER_OBJECT_CONVERSION = YES_AGGRESSIVE;
				CLANG_CXX_LANGUAGE_STANDARD = "gnu++20";
				CLANG_ENABLE_MODULES = YES;
				CLANG_ENABLE_OBJC_ARC = YES;
				CLANG_ENABLE_OBJC_WEAK = YES;
				CLANG_WARN_BLOCK_CAPTURE_AUTORELEASING = YES;
				CLANG_WARN_BOOL_CONVERSION = YES;
				CLANG_WARN_COMMA = YES;
				CLANG_WARN_CONSTANT_CONVERSION = YES;
				CLANG_WARN_DEPRECATED_OBJC_IMPLEMENTATIONS = YES;
				CLANG_WARN_DIRECT_OBJC_ISA_USAGE = YES_ERROR;
				CLANG_WARN_DOCUMENTATION_COMMENTS = YES;
				CLANG_WARN_EMPTY_BODY = YES;
				CLANG_WARN_ENUM_CONVERSION = YES;
				CLANG_WARN_INFINITE_RECURSION = YES;
				CLANG_WARN_INT_CONVERSION = YES;
				CLANG_WARN_NON_LITERAL_NULL_CONVERSION = YES;
				CLANG_WARN_OBJC_IMPLICIT_RETAIN_SELF = YES;
				CLANG_WARN_OBJC_LITERAL_CONVERSION = YES;
				CLANG_WARN_OBJC_ROOT_CLASS = YES_ERROR;
				CLANG_WARN_QUOTED_INCLUDE_IN_FRAMEWORK_HEADER = YES;
				CLANG_WARN_RANGE_LOOP_ANALYSIS = YES;
				CLANG_WARN_STRICT_PROTOTYPES = YES;
				CLANG_WARN_SUSPICIOUS_MOVE = YES;
				CLANG_WARN_UNGUARDED_AVAILABILITY = YES_AGGRESSIVE;
				CLANG_WARN_UNREACHABLE_CODE = YES;
				CLANG_WARN__DUPLICATE_METHOD_MATCH = YES;
				COPY_PHASE_STRIP = NO;
				DEBUG_INFORMATION_FORMAT = "dwarf-with-dsym";
				ENABLE_NS_ASSERTIONS = NO;
				ENABLE_STRICT_OBJC_MSGSEND = YES;
				ENABLE_USER_SCRIPT_SANDBOXING = YES;
				GCC_C_LANGUAGE_STANDARD = gnu17;
				GCC_NO_COMMON_BLOCKS = YES;
				GCC_WARN_64_TO_32_BIT_CONVERSION = YES;
				GCC_WARN_ABOUT_RETURN_TYPE = YES_ERROR;
				GCC_WARN_UNDECLARED_SELECTOR = YES;
				GCC_WARN_UNINITIALIZED_AUTOS = YES_AGGRESSIVE;
				GCC_WARN_UNUSED_FUNCTION = YES;
				GCC_WARN_UNUSED_VARIABLE = YES;
				IPHONEOS_DEPLOYMENT_TARGET = 17.2;
				LOCALIZATION_PREFERS_STRING_CATALOGS = YES;
				MTL_ENABLE_DEBUG_INFO = NO;
				MTL_FAST_MATH = YES;
				SDKROOT = iphoneos;
				SWIFT_COMPILATION_MODE = wholemodule;
				VALIDATE_PRODUCT = YES;
			};
			name = Release;
		};
		14CF3A422DC96C1F000D7BC9 /* Debug */ = {
			isa = XCBuildConfiguration;
			buildSettings = {
				ASSETCATALOG_COMPILER_APPICON_NAME = AppIcon;
				ASSETCATALOG_COMPILER_GLOBAL_ACCENT_COLOR_NAME = AccentColor;
				CODE_SIGN_STYLE = Automatic;
				CURRENT_PROJECT_VERSION = 1;
				DEVELOPMENT_ASSET_PATHS = "\"NeoSoftSwiftUI/Preview Content\"";
				DEVELOPMENT_TEAM = JSP279NCPW;
				ENABLE_PREVIEWS = YES;
				GENERATE_INFOPLIST_FILE = YES;
				INFOPLIST_KEY_UIApplicationSceneManifest_Generation = YES;
				INFOPLIST_KEY_UIApplicationSupportsIndirectInputEvents = YES;
				INFOPLIST_KEY_UILaunchScreen_Generation = YES;
				INFOPLIST_KEY_UISupportedInterfaceOrientations_iPad = "UIInterfaceOrientationPortrait UIInterfaceOrientationPortraitUpsideDown UIInterfaceOrientationLandscapeLeft UIInterfaceOrientationLandscapeRight";
				INFOPLIST_KEY_UISupportedInterfaceOrientations_iPhone = "UIInterfaceOrientationPortrait UIInterfaceOrientationLandscapeLeft UIInterfaceOrientationLandscapeRight";
				LD_RUNPATH_SEARCH_PATHS = (
					"$(inherited)",
					"@executable_path/Frameworks",
				);
				MARKETING_VERSION = 1.0;
				PRODUCT_BUNDLE_IDENTIFIER = Team.NeoSoftSwiftUI;
				PRODUCT_NAME = "$(TARGET_NAME)";
				SWIFT_EMIT_LOC_STRINGS = YES;
				SWIFT_VERSION = 5.0;
				TARGETED_DEVICE_FAMILY = "1,2";
			};
			name = Debug;
		};
		14CF3A432DC96C1F000D7BC9 /* Release */ = {
			isa = XCBuildConfiguration;
			buildSettings = {
				ASSETCATALOG_COMPILER_APPICON_NAME = AppIcon;
				ASSETCATALOG_COMPILER_GLOBAL_ACCENT_COLOR_NAME = AccentColor;
				CODE_SIGN_STYLE = Automatic;
				CURRENT_PROJECT_VERSION = 1;
				DEVELOPMENT_ASSET_PATHS = "\"NeoSoftSwiftUI/Preview Content\"";
				DEVELOPMENT_TEAM = JSP279NCPW;
				ENABLE_PREVIEWS = YES;
				GENERATE_INFOPLIST_FILE = YES;
				INFOPLIST_KEY_UIApplicationSceneManifest_Generation = YES;
				INFOPLIST_KEY_UIApplicationSupportsIndirectInputEvents = YES;
				INFOPLIST_KEY_UILaunchScreen_Generation = YES;
				INFOPLIST_KEY_UISupportedInterfaceOrientations_iPad = "UIInterfaceOrientationPortrait UIInterfaceOrientationPortraitUpsideDown UIInterfaceOrientationLandscapeLeft UIInterfaceOrientationLandscapeRight";
				INFOPLIST_KEY_UISupportedInterfaceOrientations_iPhone = "UIInterfaceOrientationPortrait UIInterfaceOrientationLandscapeLeft UIInterfaceOrientationLandscapeRight";
				LD_RUNPATH_SEARCH_PATHS = (
					"$(inherited)",
					"@executable_path/Frameworks",
				);
				MARKETING_VERSION = 1.0;
				PRODUCT_BUNDLE_IDENTIFIER = Team.NeoSoftSwiftUI;
				PRODUCT_NAME = "$(TARGET_NAME)";
				SWIFT_EMIT_LOC_STRINGS = YES;
				SWIFT_VERSION = 5.0;
				TARGETED_DEVICE_FAMILY = "1,2";
			};
			name = Release;
		};
		14CF3A452DC96C1F000D7BC9 /* Debug */ = {
			isa = XCBuildConfiguration;
			buildSettings = {
				ALWAYS_EMBED_SWIFT_STANDARD_LIBRARIES = YES;
				BUNDLE_LOADER = "$(TEST_HOST)";
				CODE_SIGN_STYLE = Automatic;
				CURRENT_PROJECT_VERSION = 1;
				DEVELOPMENT_TEAM = JSP279NCPW;
				GENERATE_INFOPLIST_FILE = YES;
				IPHONEOS_DEPLOYMENT_TARGET = 17.2;
				MARKETING_VERSION = 1.0;
				PRODUCT_BUNDLE_IDENTIFIER = Team.NeoSoftSwiftUITests;
				PRODUCT_NAME = "$(TARGET_NAME)";
				SWIFT_EMIT_LOC_STRINGS = NO;
				SWIFT_VERSION = 5.0;
				TARGETED_DEVICE_FAMILY = "1,2";
				TEST_HOST = "$(BUILT_PRODUCTS_DIR)/NeoSoftSwiftUI.app/$(BUNDLE_EXECUTABLE_FOLDER_PATH)/NeoSoftSwiftUI";
			};
			name = Debug;
		};
		14CF3A462DC96C1F000D7BC9 /* Release */ = {
			isa = XCBuildConfiguration;
			buildSettings = {
				ALWAYS_EMBED_SWIFT_STANDARD_LIBRARIES = YES;
				BUNDLE_LOADER = "$(TEST_HOST)";
				CODE_SIGN_STYLE = Automatic;
				CURRENT_PROJECT_VERSION = 1;
				DEVELOPMENT_TEAM = JSP279NCPW;
				GENERATE_INFOPLIST_FILE = YES;
				IPHONEOS_DEPLOYMENT_TARGET = 17.2;
				MARKETING_VERSION = 1.0;
				PRODUCT_BUNDLE_IDENTIFIER = Team.NeoSoftSwiftUITests;
				PRODUCT_NAME = "$(TARGET_NAME)";
				SWIFT_EMIT_LOC_STRINGS = NO;
				SWIFT_VERSION = 5.0;
				TARGETED_DEVICE_FAMILY = "1,2";
				TEST_HOST = "$(BUILT_PRODUCTS_DIR)/NeoSoftSwiftUI.app/$(BUNDLE_EXECUTABLE_FOLDER_PATH)/NeoSoftSwiftUI";
			};
			name = Release;
		};
		14CF3A482DC96C1F000D7BC9 /* Debug */ = {
			isa = XCBuildConfiguration;
			buildSettings = {
				ALWAYS_EMBED_SWIFT_STANDARD_LIBRARIES = YES;
				CODE_SIGN_STYLE = Automatic;
				CURRENT_PROJECT_VERSION = 1;
				DEVELOPMENT_TEAM = JSP279NCPW;
				GENERATE_INFOPLIST_FILE = YES;
				MARKETING_VERSION = 1.0;
				PRODUCT_BUNDLE_IDENTIFIER = Team.NeoSoftSwiftUIUITests;
				PRODUCT_NAME = "$(TARGET_NAME)";
				SWIFT_EMIT_LOC_STRINGS = NO;
				SWIFT_VERSION = 5.0;
				TARGETED_DEVICE_FAMILY = "1,2";
				TEST_TARGET_NAME = NeoSoftSwiftUI;
			};
			name = Debug;
		};
		14CF3A492DC96C1F000D7BC9 /* Release */ = {
			isa = XCBuildConfiguration;
			buildSettings = {
				ALWAYS_EMBED_SWIFT_STANDARD_LIBRARIES = YES;
				CODE_SIGN_STYLE = Automatic;
				CURRENT_PROJECT_VERSION = 1;
				DEVELOPMENT_TEAM = JSP279NCPW;
				GENERATE_INFOPLIST_FILE = YES;
				MARKETING_VERSION = 1.0;
				PRODUCT_BUNDLE_IDENTIFIER = Team.NeoSoftSwiftUIUITests;
				PRODUCT_NAME = "$(TARGET_NAME)";
				SWIFT_EMIT_LOC_STRINGS = NO;
				SWIFT_VERSION = 5.0;
				TARGETED_DEVICE_FAMILY = "1,2";
				TEST_TARGET_NAME = NeoSoftSwiftUI;
			};
			name = Release;
		};
/* End XCBuildConfiguration section */

/* Begin XCConfigurationList section */
		14CF3A182DC96C1D000D7BC9 /* Build configuration list for PBXProject "NeoSoftSwiftUI" */ = {
			isa = XCConfigurationList;
			buildConfigurations = (
				14CF3A3F2DC96C1F000D7BC9 /* Debug */,
				14CF3A402DC96C1F000D7BC9 /* Release */,
			);
			defaultConfigurationIsVisible = 0;
			defaultConfigurationName = Release;
		};
		14CF3A412DC96C1F000D7BC9 /* Build configuration list for PBXNativeTarget "NeoSoftSwiftUI" */ = {
			isa = XCConfigurationList;
			buildConfigurations = (
				14CF3A422DC96C1F000D7BC9 /* Debug */,
				14CF3A432DC96C1F000D7BC9 /* Release */,
			);
			defaultConfigurationIsVisible = 0;
			defaultConfigurationName = Release;
		};
		14CF3A442DC96C1F000D7BC9 /* Build configuration list for PBXNativeTarget "NeoSoftSwiftUITests" */ = {
			isa = XCConfigurationList;
			buildConfigurations = (
				14CF3A452DC96C1F000D7BC9 /* Debug */,
				14CF3A462DC96C1F000D7BC9 /* Release */,
			);
			defaultConfigurationIsVisible = 0;
			defaultConfigurationName = Release;
		};
		14CF3A472DC96C1F000D7BC9 /* Build configuration list for PBXNativeTarget "NeoSoftSwiftUIUITests" */ = {
			isa = XCConfigurationList;
			buildConfigurations = (
				14CF3A482DC96C1F000D7BC9 /* Debug */,
				14CF3A492DC96C1F000D7BC9 /* Release */,
			);
			defaultConfigurationIsVisible = 0;
			defaultConfigurationName = Release;
		};
/* End XCConfigurationList section */
	};
	rootObject = 14CF3A152DC96C1D000D7BC9 /* Project object */;
}
